
Microsoft Visual Studio Solution File, Format Version 12.00
# Visual Studio 15
VisualStudioVersion = 15.0.27130.2010
MinimumVisualStudioVersion = 10.0.40219.1
Project("{8BC9CEB8-8B4A-11D0-8D11-00A0C91BC942}") = "Timber", "Timber\Timber.vcxproj", "{5FD1C533-725F-4AF8-A544-39286E297AFE}"
EndProject
Global
	GlobalSection(SolutionConfigurationPlatforms) = preSolution
		Debug|x64 = Debug|x64
		Debug|x86 = Debug|x86
		Release|x64 = Release|x64
		Release|x86 = Release|x86
	EndGlobalSection
	GlobalSection(ProjectConfigurationPlatforms) = postSolution
		{5FD1C533-725F-4AF8-A544-39286E297AFE}.Debug|x64.ActiveCfg = Debug|x64
		{5FD1C533-725F-4AF8-A544-39286E297AFE}.Debug|x64.Build.0 = Debug|x64
		{5FD1C533-725F-4AF8-A544-39286E297AFE}.Debug|x86.ActiveCfg = Debug|Win32
		{5FD1C533-725F-4AF8-A544-39286E297AFE}.Debug|x86.Build.0 = Debug|Win32
		{5FD1C533-725F-4AF8-A544-39286E297AFE}.Release|x64.ActiveCfg = Release|x64
		{5FD1C533-725F-4AF8-A544-39286E297AFE}.Release|x64.Build.0 = Release|x64
		{5FD1C533-725F-4AF8-A544-39286E297AFE}.Release|x86.ActiveCfg = Release|Win32
		{5FD1C533-725F-4AF8-A544-39286E297AFE}.Release|x86.Build.0 = Release|Win32
	EndGlobalSection
	GlobalSection(SolutionProperties) = preSolution
		HideSolutionNode = FALSE
	EndGlobalSection
	GlobalSection(ExtensibilityGlobals) = postSolution
		SolutionGuid = {5149D7F9-3DA8-482D-94C2-4AB34A5A205F}
	EndGlobalSection
EndGlobal
